{
  "name": "@pschiffmann/std",
  "version": "0.1.0",
  "lockfileVersion": 2,
  "requires": true,
  "packages": {
    "": {
      "name": "@pschiffmann/std",
      "version": "0.1.0",
      "license": "MIT",
      "devDependencies": {
        "prettier": "^2.6.2",
        "typescript": "^4.7.0-dev.20220408"
      }
    },
    "node_modules/prettier": {
      "version": "2.6.2",
      "resolved": "https://registry.npmjs.org/prettier/-/prettier-2.6.2.tgz",
      "integrity": "sha512-PkUpF+qoXTqhOeWL9fu7As8LXsIUZ1WYaJiY/a7McAQzxjk82OF0tibkFXVCDImZtWxbvojFjerkiLb0/q8mew==",
      "dev": true,
      "license": "MIT",
      "bin": {
        "prettier": "bin-prettier.js"
      },
      "engines": {
        "node": ">=10.13.0"
      },
      "funding": {
        "url": "https://github.com/prettier/prettier?sponsor=1"
      }
    },
    "node_modules/typescript": {
      "version": "4.7.0-dev.20220408",
      "resolved": "https://registry.npmjs.org/typescript/-/typescript-4.7.0-dev.20220408.tgz",
      "integrity": "sha512-2KgXRQXrjFEbm+ismaGoR803nTRQuc03XQ1crnlxXvQYIXasPiidwiczLc9i0rTo33KXIN2M6YiNtn1tZihHgw==",
      "dev": true,
      "bin": {
        "tsc": "bin/tsc",
        "tsserver": "bin/tsserver"
      },
      "engines": {
        "node": ">=4.2.0"
      }
    }
  },
  "dependencies": {
    "prettier": {
      "version": "2.6.2",
      "resolved": "https://registry.npmjs.org/prettier/-/prettier-2.6.2.tgz",
      "integrity": "sha512-PkUpF+qoXTqhOeWL9fu7As8LXsIUZ1WYaJiY/a7McAQzxjk82OF0tibkFXVCDImZtWxbvojFjerkiLb0/q8mew==",
      "dev": true
    },
    "typescript": {
      "version": "4.7.0-dev.20220408",
      "resolved": "https://registry.npmjs.org/typescript/-/typescript-4.7.0-dev.20220408.tgz",
      "integrity": "sha512-2KgXRQXrjFEbm+ismaGoR803nTRQuc03XQ1crnlxXvQYIXasPiidwiczLc9i0rTo33KXIN2M6YiNtn1tZihHgw==",
      "dev": true
    }
  }
}
